
Microsoft Visual Studio Solution File, Format Version 12.00
# Visual Studio 15
VisualStudioVersion = 15.0.28010.0
MinimumVisualStudioVersion = 10.0.40219.1
Project("{FAE04EC0-301F-11D3-BF4B-00C04F79EFBC}") = "KimBab", "KimBab\KimBab.csproj", "{BFE75F9B-D7B5-45AD-AA6F-1E55B6C0A5C0}"
EndProject
Global
	GlobalSection(SolutionConfigurationPlatforms) = preSolution
		Debug|Any CPU = Debug|Any CPU
		Release|Any CPU = Release|Any CPU
	EndGlobalSection
	GlobalSection(ProjectConfigurationPlatforms) = postSolution
		{BFE75F9B-D7B5-45AD-AA6F-1E55B6C0A5C0}.Debug|Any CPU.ActiveCfg = Debug|Any CPU
		{BFE75F9B-D7B5-45AD-AA6F-1E55B6C0A5C0}.Debug|Any CPU.Build.0 = Debug|Any CPU
		{BFE75F9B-D7B5-45AD-AA6F-1E55B6C0A5C0}.Release|Any CPU.ActiveCfg = Release|Any CPU
		{BFE75F9B-D7B5-45AD-AA6F-1E55B6C0A5C0}.Release|Any CPU.Build.0 = Release|Any CPU
	EndGlobalSection
	GlobalSection(SolutionProperties) = preSolution
		HideSolutionNode = FALSE
	EndGlobalSection
	GlobalSection(ExtensibilityGlobals) = postSolution
		SolutionGuid = {1E7AE872-862C-4467-B56E-BA9804763F8F}
	EndGlobalSection
EndGlobal
